<?xml version="1.0" encoding="utf-8"?>
<Project ToolsVersion="4.0" xmlns="http://schemas.microsoft.com/developer/msbuild/2003">
  <ItemGroup>
    <Filter Include="00.MainApp">
      <UniqueIdentifier>{c66865d7-1cd6-46a6-a181-68b9f4c803f7}</UniqueIdentifier>
    </Filter>
    <Filter Include="98.Defaults">
      <UniqueIdentifier>{c7e636f1-a347-4fa5-8a9a-59c85a3e59fa}</UniqueIdentifier>
    </Filter>
    <Filter Include="99.Headers">
      <UniqueIdentifier>{d5c28bab-9f4a-4c99-a5d5-7a09713e7c77}</UniqueIdentifier>
    </Filter>
    <Filter Include="01.Scene">
      <UniqueIdentifier>{a2f01099-8db4-42f0-b4db-8d632b9c22ed}</UniqueIdentifier>
    </Filter>
    <Filter Include="01.Scene\00.Logo">
      <UniqueIdentifier>{1fbe89e5-de5a-47a2-b3af-c8ed3c57558c}</UniqueIdentifier>
    </Filter>
    <Filter Include="01.Scene\01.Stage">
      <UniqueIdentifier>{0db0ce95-0b93-475d-95b6-491fd4744ce4}</UniqueIdentifier>
    </Filter>
    <Filter Include="02.GameObject">
      <UniqueIdentifier>{0f19a8be-fb47-4c76-87d3-91f76e7a5252}</UniqueIdentifier>
    </Filter>
    <Filter Include="02.GameObject\00.Player">
      <UniqueIdentifier>{6f4004d7-1180-468e-ae16-6bc6c78c6b33}</UniqueIdentifier>
    </Filter>
    <Filter Include="01.Scene\99.Loading">
      <UniqueIdentifier>{15ee0acd-309c-483e-b3c8-6724d57bc2f0}</UniqueIdentifier>
    </Filter>
    <Filter Include="02.GameObject\01.Terrain">
      <UniqueIdentifier>{4d305fd8-b8f2-4a03-a76f-be91c2341c4f}</UniqueIdentifier>
    </Filter>
    <Filter Include="02.GameObject\02.Camera">
      <UniqueIdentifier>{6da35386-8f50-44ba-b984-d8a70f74dec5}</UniqueIdentifier>
    </Filter>
    <Filter Include="02.GameObject\02.Camera\00.MainCam">
      <UniqueIdentifier>{8d5c87e8-01b0-474d-8dac-3dd37a521087}</UniqueIdentifier>
    </Filter>
    <Filter Include="02.GameObject\03.Monster">
      <UniqueIdentifier>{062caa7c-81c2-43ee-8615-9571052a9134}</UniqueIdentifier>
    </Filter>
    <Filter Include="02.GameObject\04.Grass">
      <UniqueIdentifier>{6b35cd44-6c72-49b7-bd53-54a22dbbf8af}</UniqueIdentifier>
    </Filter>
    <Filter Include="02.GameObject\05.Skybox">
      <UniqueIdentifier>{3ca2e3df-4489-45bc-9137-32396005b4bb}</UniqueIdentifier>
    </Filter>
    <Filter Include="02.GameObject\06.Particle">
      <UniqueIdentifier>{a6b351e6-cf62-4ed3-8e3d-a6c496e62870}</UniqueIdentifier>
    </Filter>
    <Filter Include="02.GameObject\06.Particle\Explosion">
      <UniqueIdentifier>{2140617a-e811-4c98-b10a-b70367b5472f}</UniqueIdentifier>
    </Filter>
    <Filter Include="02.GameObject\06.Particle\Lazer">
      <UniqueIdentifier>{40052efc-ffe1-4198-bb04-69d57a9b6437}</UniqueIdentifier>
    </Filter>
    <Filter Include="97.Utilities">
      <UniqueIdentifier>{c6f4541d-07c8-4477-b121-e55238fbdd3d}</UniqueIdentifier>
    </Filter>
    <Filter Include="97.Utilities\00.Stream">
      <UniqueIdentifier>{0b98e40e-ea2c-4187-b358-a0cf4aca9f68}</UniqueIdentifier>
    </Filter>
    <Filter Include="02.GameObject\07.Boss_Monster">
      <UniqueIdentifier>{88b50869-9c1a-4425-ae6e-f5919ea9d218}</UniqueIdentifier>
    </Filter>
    <Filter Include="02.GameObject\08.Bullet">
      <UniqueIdentifier>{dddd415c-d79f-4cda-8a24-608ab1a97737}</UniqueIdentifier>
    </Filter>
    <Filter Include="02.GameObject\07.Boss_Monster\00.Boss_Addon">
      <UniqueIdentifier>{bfb875ea-b2a7-4d4a-bbed-0a6495b857a7}</UniqueIdentifier>
    </Filter>
    <Filter Include="02.GameObject\08.Bullet\00.Player_Bullet">
      <UniqueIdentifier>{7d5cac0b-1660-4c0f-b751-150a20b3d770}</UniqueIdentifier>
    </Filter>
    <Filter Include="02.GameObject\08.Bullet\02.Player_Missile">
      <UniqueIdentifier>{dff417bd-e330-43c0-b8a0-558cadf4c97a}</UniqueIdentifier>
    </Filter>
    <Filter Include="02.GameObject\09.HUD">
      <UniqueIdentifier>{b5258aa2-1843-44fe-9cb2-0404d0b7aa33}</UniqueIdentifier>
    </Filter>
    <Filter Include="02.GameObject\09.HUD\00.Crosshair">
      <UniqueIdentifier>{ad13f66b-199e-47bb-a198-9eb9f3aec96b}</UniqueIdentifier>
    </Filter>
    <Filter Include="97.Utilities\01.Collision">
      <UniqueIdentifier>{ab97317d-a971-4291-8903-d4121dc9d1de}</UniqueIdentifier>
    </Filter>
    <Filter Include="02.GameObject\09.HUD\01.Weapons">
      <UniqueIdentifier>{fe21133b-9cea-4b43-a588-c27d7b949fb0}</UniqueIdentifier>
    </Filter>
    <Filter Include="02.GameObject\08.Bullet\02.Boss">
      <UniqueIdentifier>{8ac5797a-a195-456d-a81a-0db08aed7682}</UniqueIdentifier>
    </Filter>
    <Filter Include="02.GameObject\08.Bullet\02.Boss\02.EMP_Bomb">
      <UniqueIdentifier>{478d85d1-2c7c-48a4-9e74-aa8aae3cb2c4}</UniqueIdentifier>
    </Filter>
    <Filter Include="02.GameObject\08.Bullet\02.Boss\02.EMP_Bomb\Bullet_EMP_Bomb_Explotion">
      <UniqueIdentifier>{eea6f620-9d2d-4616-ba21-63ddd79ec6fb}</UniqueIdentifier>
    </Filter>
    <Filter Include="02.GameObject\08.Bullet\02.Boss\01.Laser">
      <UniqueIdentifier>{20ac20a6-4343-4b16-a3bc-f8a01dc5f730}</UniqueIdentifier>
    </Filter>
    <Filter Include="02.GameObject\08.Bullet\02.Boss\00.EnergyBall">
      <UniqueIdentifier>{9115b9a8-e38a-4a24-b2d9-2e4912cfbb46}</UniqueIdentifier>
    </Filter>
    <Filter Include="01.Scene\02.Lobby">
      <UniqueIdentifier>{8d910698-dbf1-4df6-81a6-afc6d4f2e268}</UniqueIdentifier>
    </Filter>
    <Filter Include="01.Scene\02.Lobby\00.LobbyModel">
      <UniqueIdentifier>{2749b316-5923-4830-b26c-0ffc0f389432}</UniqueIdentifier>
    </Filter>
    <Filter Include="02.GameObject\02.Camera\01.LobbyCam">
      <UniqueIdentifier>{1bd7f9af-fb40-4ba5-960e-212922241cb9}</UniqueIdentifier>
    </Filter>
    <Filter Include="01.Scene\02.Lobby\01.LobbyUI">
      <UniqueIdentifier>{b7681a85-fa55-4dd9-907a-83021c34d3a4}</UniqueIdentifier>
    </Filter>
    <Filter Include="01.Scene\02.Lobby\01.LobbyUI\00.GatchaBox">
      <UniqueIdentifier>{dcaa591a-4806-43df-92c8-58e4f922a218}</UniqueIdentifier>
    </Filter>
    <Filter Include="02.GameObject\07.Boss_Monster\01.Boss_Spawn_Monster">
      <UniqueIdentifier>{e78bf798-cc12-47ff-a895-e53d09a29172}</UniqueIdentifier>
    </Filter>
    <Filter Include="02.GameObject\07.Boss_Monster\02.Boss_Warmhole">
      <UniqueIdentifier>{23952399-75ac-4693-abdf-417bc1b3013f}</UniqueIdentifier>
    </Filter>
    <Filter Include="02.GameObject\09.HUD\02.LockOn">
      <UniqueIdentifier>{84e70570-19d0-4df2-9eda-52d39675beef}</UniqueIdentifier>
    </Filter>
    <Filter Include="02.GameObject\09.HUD\03.AlertArrow">
      <UniqueIdentifier>{37c54f37-cdab-4b8c-8598-2ec500978762}</UniqueIdentifier>
    </Filter>
    <Filter Include="97.Utilities\02.Effect">
      <UniqueIdentifier>{f959bdb2-0912-43cb-adf8-ee417c86a864}</UniqueIdentifier>
    </Filter>
    <Filter Include="02.GameObject\06.Particle\Follow">
      <UniqueIdentifier>{6b4389f6-3af0-4db3-9bb6-db9bdb2c7186}</UniqueIdentifier>
    </Filter>
    <Filter Include="02.GameObject\11.Ring">
      <UniqueIdentifier>{8ad1be28-6814-4d28-a03d-cf98acfa6bb5}</UniqueIdentifier>
    </Filter>
    <Filter Include="02.GameObject\13.Meteor">
      <UniqueIdentifier>{a1e7d7a9-e5bd-4814-b91c-66f719d0066f}</UniqueIdentifier>
    </Filter>
    <Filter Include="02.GameObject\14.Planet">
      <UniqueIdentifier>{1889675a-4ff8-49d4-885a-09ebe36839b7}</UniqueIdentifier>
    </Filter>
    <Filter Include="02.GameObject\09.HUD\04.TutorialUI">
      <UniqueIdentifier>{5c3ac12f-e17d-41c7-8771-302f615e6d58}</UniqueIdentifier>
    </Filter>
    <Filter Include="02.GameObject\09.HUD\05.MissionUI">
      <UniqueIdentifier>{078845c1-2258-4768-9ea8-37c058281276}</UniqueIdentifier>
    </Filter>
    <Filter Include="02.GameObject\12.TargetMonster">
      <UniqueIdentifier>{ec3f8199-67e4-4bae-bdc8-a8e07ff027cc}</UniqueIdentifier>
    </Filter>
    <Filter Include="02.GameObject\06.Particle\EngineBoost">
      <UniqueIdentifier>{be95110a-b9c3-4575-9e9a-de07624eff64}</UniqueIdentifier>
    </Filter>
    <Filter Include="02.GameObject\06.Particle\WingBoost">
      <UniqueIdentifier>{6840ecc0-5224-47b6-968b-27169f738624}</UniqueIdentifier>
    </Filter>
    <Filter Include="01.Scene\02.Lobby\01.LobbyUI\01.Product">
      <UniqueIdentifier>{cca5d187-96ff-4e2b-9b19-c1449b85890a}</UniqueIdentifier>
    </Filter>
    <Filter Include="01.Scene\02.Lobby\01.LobbyUI\02.Board">
      <UniqueIdentifier>{8cb3ff72-238c-470b-ab26-b478d50b03b9}</UniqueIdentifier>
    </Filter>
    <Filter Include="01.Scene\02.Lobby\01.LobbyUI\03.VIBuffer_HexagonColor">
      <UniqueIdentifier>{0973b3ee-c372-4144-a066-7892b4b68465}</UniqueIdentifier>
    </Filter>
    <Filter Include="01.Scene\02.Lobby\01.LobbyUI\02.Board\00.Status">
      <UniqueIdentifier>{17f0422e-b673-4d3f-98b4-8a8e2fc56cb3}</UniqueIdentifier>
    </Filter>
    <Filter Include="02.GameObject\09.HUD\06.ScriptUI">
      <UniqueIdentifier>{c7f25113-b245-4948-850d-0ad03c90ce48}</UniqueIdentifier>
    </Filter>
    <Filter Include="97.Utilities\03.Material">
      <UniqueIdentifier>{30c21b7f-470d-46f1-83f3-a507c17cce1b}</UniqueIdentifier>
    </Filter>
    <Filter Include="97.Utilities\04.Quest">
      <UniqueIdentifier>{9c679705-a2d3-47b7-9741-3cc39a0e0ce4}</UniqueIdentifier>
    </Filter>
    <Filter Include="02.GameObject\09.HUD\06.HP_Bar">
      <UniqueIdentifier>{6948385c-e68c-422e-8994-985f535d4a7b}</UniqueIdentifier>
    </Filter>
    <Filter Include="02.GameObject\08.Bullet\03.Boss">
      <UniqueIdentifier>{8ac5797a-a195-456d-a81a-0db08aed7682}</UniqueIdentifier>
    </Filter>
    <Filter Include="02.GameObject\08.Bullet\03.Boss\02.EMP_Bomb">
      <UniqueIdentifier>{478d85d1-2c7c-48a4-9e74-aa8aae3cb2c4}</UniqueIdentifier>
    </Filter>
    <Filter Include="02.GameObject\08.Bullet\03.Boss\02.EMP_Bomb\Bullet_EMP_Bomb_Explotion">
      <UniqueIdentifier>{eea6f620-9d2d-4616-ba21-63ddd79ec6fb}</UniqueIdentifier>
    </Filter>
    <Filter Include="02.GameObject\08.Bullet\03.Boss\01.Laser">
      <UniqueIdentifier>{20ac20a6-4343-4b16-a3bc-f8a01dc5f730}</UniqueIdentifier>
    </Filter>
    <Filter Include="02.GameObject\08.Bullet\03.Boss\00.EnergyBall">
      <UniqueIdentifier>{9115b9a8-e38a-4a24-b2d9-2e4912cfbb46}</UniqueIdentifier>
    </Filter>
    <Filter Include="02.GameObject\10.HUD_Effect">
      <UniqueIdentifier>{2f511fc6-a5f3-45e3-83a9-dffebade5ee9}</UniqueIdentifier>
    </Filter>
    <Filter Include="02.GameObject\15.Asteroid">
      <UniqueIdentifier>{0f2d898c-4c85-4d14-8e5e-62e0a5845a28}</UniqueIdentifier>
    </Filter>
    <Filter Include="02.GameObject\09.HUD\06.ScriptUI\00.BackUI">
      <UniqueIdentifier>{0da2434a-1705-41f3-bace-2526a70a4433}</UniqueIdentifier>
    </Filter>
    <Filter Include="02.GameObject\16.NaviArrow">
      <UniqueIdentifier>{39a5666c-bfbc-4048-9492-51b50235537c}</UniqueIdentifier>
    </Filter>
    <Filter Include="02.GameObject\09.HUD\07.Stamina_Bar">
      <UniqueIdentifier>{d26afb06-6587-4612-8786-de21ca95aa86}</UniqueIdentifier>
    </Filter>
    <Filter Include="02.GameObject\09.HUD\08.HP_Bar_Border">
      <UniqueIdentifier>{e6c4d16a-58f1-4987-9dd1-f89517e86ff3}</UniqueIdentifier>
    </Filter>
    <Filter Include="02.GameObject\09.HUD\09.AimAssist">
      <UniqueIdentifier>{bc031413-8b0d-423e-97d3-e4a2523288ea}</UniqueIdentifier>
    </Filter>
    <Filter Include="02.GameObject\09.HUD\10.AimAssist2">
      <UniqueIdentifier>{58ff72af-bd08-4df7-b11f-9e190a9f8a16}</UniqueIdentifier>
    </Filter>
    <Filter Include="02.GameObject\08.Bullet\01.Player_Observe_Missile">
      <UniqueIdentifier>{56eed6f8-b2dc-4d38-abca-147e087c3fbf}</UniqueIdentifier>
    </Filter>
    <Filter Include="02.GameObject\09.HUD\11.Shield_Battery">
      <UniqueIdentifier>{03891a8b-bd20-404d-addc-68a478e9126b}</UniqueIdentifier>
    </Filter>
  </ItemGroup>
  <ItemGroup>
    <ClInclude Include="Client.h">
      <Filter>98.Defaults</Filter>
    </ClInclude>
    <ClInclude Include="Resource.h">
      <Filter>98.Defaults</Filter>
    </ClInclude>
    <ClInclude Include="stdafx.h">
      <Filter>98.Defaults</Filter>
    </ClInclude>
    <ClInclude Include="targetver.h">
      <Filter>98.Defaults</Filter>
    </ClInclude>
    <ClInclude Include="..\Headers\Client_Define.h">
      <Filter>99.Headers</Filter>
    </ClInclude>
    <ClInclude Include="..\Headers\MainApp.h">
      <Filter>00.MainApp</Filter>
    </ClInclude>
    <ClInclude Include="..\Headers\Logo.h">
      <Filter>01.Scene\00.Logo</Filter>
    </ClInclude>
    <ClInclude Include="..\Headers\Stage.h">
      <Filter>01.Scene\01.Stage</Filter>
    </ClInclude>
    <ClInclude Include="..\Headers\Client_Enum.h">
      <Filter>99.Headers</Filter>
    </ClInclude>
    <ClInclude Include="..\Headers\Player.h">
      <Filter>02.GameObject\00.Player</Filter>
    </ClInclude>
    <ClInclude Include="..\Headers\Loading.h">
      <Filter>01.Scene\99.Loading</Filter>
    </ClInclude>
    <ClInclude Include="..\Headers\Terrain.h">
      <Filter>02.GameObject\01.Terrain</Filter>
    </ClInclude>
    <ClInclude Include="..\Headers\MainCam.h">
      <Filter>02.GameObject\02.Camera\00.MainCam</Filter>
    </ClInclude>
    <ClInclude Include="..\Headers\Monster.h">
      <Filter>02.GameObject\03.Monster</Filter>
    </ClInclude>
    <ClInclude Include="..\Headers\Grass.h">
      <Filter>02.GameObject\04.Grass</Filter>
    </ClInclude>
    <ClInclude Include="..\Headers\Skybox.h">
      <Filter>02.GameObject\05.Skybox</Filter>
    </ClInclude>
    <ClInclude Include="..\Headers\ExplosionSystem.h">
      <Filter>02.GameObject\06.Particle\Explosion</Filter>
    </ClInclude>
    <ClInclude Include="..\Headers\LaserSystem.h">
      <Filter>02.GameObject\06.Particle\Lazer</Filter>
    </ClInclude>
    <ClInclude Include="..\Headers\StreamHandler.h">
      <Filter>97.Utilities\00.Stream</Filter>
    </ClInclude>
    <ClInclude Include="..\Headers\Bullet_EnergyBall.h">
      <Filter>02.GameObject\08.Bullet\03.Boss\00.EnergyBall</Filter>
    </ClInclude>
    <ClInclude Include="..\Headers\Bullet_Laser.h">
      <Filter>02.GameObject\08.Bullet\03.Boss\01.Laser</Filter>
    </ClInclude>
    <ClInclude Include="..\Headers\Boss_Monster.h">
      <Filter>02.GameObject\07.Boss_Monster</Filter>
    </ClInclude>
    <ClInclude Include="..\Headers\Bullet_EMP_Bomb.h">
      <Filter>02.GameObject\08.Bullet\03.Boss\02.EMP_Bomb</Filter>
    </ClInclude>
    <ClInclude Include="..\Headers\Player_Bullet.h">
      <Filter>02.GameObject\08.Bullet\00.Player_Bullet</Filter>
    </ClInclude>
    <ClInclude Include="..\Headers\Crosshair.h">
      <Filter>02.GameObject\09.HUD\00.Crosshair</Filter>
    </ClInclude>
    <ClInclude Include="..\Headers\Player_Missile.h">
      <Filter>02.GameObject\08.Bullet\02.Player_Missile</Filter>
    </ClInclude>
    <ClInclude Include="..\Headers\Boss_Spawn_Monster.h">
      <Filter>02.GameObject\07.Boss_Monster\01.Boss_Spawn_Monster</Filter>
    </ClInclude>
    <ClInclude Include="..\Headers\Boss_Warmhole.h">
      <Filter>02.GameObject\07.Boss_Monster\02.Boss_Warmhole</Filter>
    </ClInclude>
    <ClInclude Include="..\Headers\CollisionHandler.h">
      <Filter>97.Utilities\01.Collision</Filter>
    </ClInclude>
    <ClInclude Include="..\Headers\LobbyModel.h">
      <Filter>01.Scene\02.Lobby\00.LobbyModel</Filter>
    </ClInclude>
    <ClInclude Include="..\Headers\Lobby.h">
      <Filter>01.Scene\02.Lobby</Filter>
    </ClInclude>
    <ClInclude Include="..\Headers\LobbyCam.h">
      <Filter>02.GameObject\02.Camera\01.LobbyCam</Filter>
    </ClInclude>
    <ClInclude Include="..\Headers\LobbyUI.h">
      <Filter>01.Scene\02.Lobby\01.LobbyUI</Filter>
    </ClInclude>
    <ClInclude Include="..\Headers\GatchaBox.h">
      <Filter>01.Scene\02.Lobby\01.LobbyUI\00.GatchaBox</Filter>
    </ClInclude>
    <ClInclude Include="..\Headers\Ring.h">
      <Filter>02.GameObject\11.Ring</Filter>
    </ClInclude>
    <ClInclude Include="..\Headers\TargetMonster.h">
      <Filter>02.GameObject\12.TargetMonster</Filter>
    </ClInclude>
    <ClInclude Include="..\Headers\MaterialHandler.h">
      <Filter>97.Utilities\03.Material</Filter>
    </ClInclude>
    <ClInclude Include="..\Headers\EffectHandler.h">
      <Filter>97.Utilities\02.Effect</Filter>
    </ClInclude>
    <ClInclude Include="..\Headers\FollowSystem.h">
      <Filter>02.GameObject\06.Particle\Follow</Filter>
    </ClInclude>
    <ClInclude Include="..\Headers\LockOn.h">
      <Filter>02.GameObject\09.HUD\02.LockOn</Filter>
    </ClInclude>
    <ClInclude Include="..\Headers\AlertArrow.h">
      <Filter>02.GameObject\09.HUD\03.AlertArrow</Filter>
    </ClInclude>
    <ClInclude Include="..\Headers\Meteor.h">
      <Filter>02.GameObject\13.Meteor</Filter>
    </ClInclude>
    <ClInclude Include="..\Headers\TutorialUI.h">
      <Filter>02.GameObject\09.HUD\04.TutorialUI</Filter>
    </ClInclude>
    <ClInclude Include="..\Headers\EngineEffectSystem.h">
      <Filter>02.GameObject\06.Particle\EngineBoost</Filter>
    </ClInclude>
    <ClInclude Include="..\Headers\WingBoost_System.h">
      <Filter>02.GameObject\06.Particle\WingBoost</Filter>
    </ClInclude>
    <ClInclude Include="..\Headers\Product.h">
      <Filter>01.Scene\02.Lobby\01.LobbyUI\01.Product</Filter>
    </ClInclude>
    <ClInclude Include="..\Headers\StatusBoard.h">
      <Filter>01.Scene\02.Lobby\01.LobbyUI\02.Board</Filter>
    </ClInclude>
    <ClInclude Include="..\Headers\Status.h">
      <Filter>01.Scene\02.Lobby\01.LobbyUI\02.Board\00.Status</Filter>
    </ClInclude>
    <ClInclude Include="..\Headers\VIBuffer_HexagonTex.h">
      <Filter>01.Scene\02.Lobby\01.LobbyUI\03.VIBuffer_HexagonColor</Filter>
    </ClInclude>
    <ClInclude Include="..\Headers\MissionUI.h">
      <Filter>02.GameObject\09.HUD\05.MissionUI</Filter>
    </ClInclude>
    <ClInclude Include="..\Headers\ScriptUI.h">
      <Filter>02.GameObject\09.HUD\06.ScriptUI</Filter>
    </ClInclude>
    <ClInclude Include="..\Headers\QuestHandler.h">
      <Filter>97.Utilities\04.Quest</Filter>
    </ClInclude>
    <ClInclude Include="..\Headers\Planet.h">
      <Filter>02.GameObject\14.Planet</Filter>
    </ClInclude>
    <ClInclude Include="..\Headers\Asteroid.h">
      <Filter>02.GameObject\15.Asteroid</Filter>
    </ClInclude>
    <ClInclude Include="..\Headers\Stamina_Bar.h">
      <Filter>02.GameObject\09.HUD\07.Stamina_Bar</Filter>
    </ClInclude>
    <ClInclude Include="..\Headers\HP_Bar_Border.h">
      <Filter>02.GameObject\09.HUD\08.HP_Bar_Border</Filter>
    </ClInclude>
    <ClInclude Include="..\Headers\Planet.h">
      <Filter>02.GameObject\14.Planet</Filter>
    </ClInclude>
    <ClInclude Include="..\Headers\BackUI.h">
      <Filter>02.GameObject\09.HUD\06.ScriptUI\00.BackUI</Filter>
    </ClInclude>
    <ClInclude Include="..\Headers\NaviArrow.h">
      <Filter>02.GameObject\16.NaviArrow</Filter>
    </ClInclude>
    <ClInclude Include="..\Headers\HP_Bar.h">
      <Filter>02.GameObject\09.HUD\06.HP_Bar</Filter>
    </ClInclude>
    <ClInclude Include="..\Headers\AimAssist.h">
      <Filter>02.GameObject\09.HUD\09.AimAssist</Filter>
    </ClInclude>
    <ClInclude Include="..\Headers\AimAssist2.h">
      <Filter>02.GameObject\09.HUD\10.AimAssist2</Filter>
    </ClInclude>
    <ClInclude Include="..\Headers\Shield_Battery.h">
      <Filter>02.GameObject\09.HUD\11.Shield_Battery</Filter>
    </ClInclude>
  </ItemGroup>
  <ItemGroup>
    <ClCompile Include="Client.cpp">
      <Filter>98.Defaults</Filter>
    </ClCompile>
    <ClCompile Include="stdafx.cpp">
      <Filter>98.Defaults</Filter>
    </ClCompile>
    <ClCompile Include="..\Codes\MainApp.cpp">
      <Filter>00.MainApp</Filter>
    </ClCompile>
    <ClCompile Include="..\Codes\Logo.cpp">
      <Filter>01.Scene\00.Logo</Filter>
    </ClCompile>
    <ClCompile Include="..\Codes\Stage.cpp">
      <Filter>01.Scene\01.Stage</Filter>
    </ClCompile>
    <ClCompile Include="..\Codes\Player.cpp">
      <Filter>02.GameObject\00.Player</Filter>
    </ClCompile>
    <ClCompile Include="..\Codes\Loading.cpp">
      <Filter>01.Scene\99.Loading</Filter>
    </ClCompile>
    <ClCompile Include="..\Codes\Terrain.cpp">
      <Filter>02.GameObject\01.Terrain</Filter>
    </ClCompile>
    <ClCompile Include="..\Codes\MainCam.cpp">
      <Filter>02.GameObject\02.Camera\00.MainCam</Filter>
    </ClCompile>
    <ClCompile Include="..\Codes\Monster.cpp">
      <Filter>02.GameObject\03.Monster</Filter>
    </ClCompile>
    <ClCompile Include="..\Codes\Grass.cpp">
      <Filter>02.GameObject\04.Grass</Filter>
    </ClCompile>
    <ClCompile Include="..\Codes\Skybox.cpp">
      <Filter>02.GameObject\05.Skybox</Filter>
    </ClCompile>
    <ClCompile Include="..\Codes\ExplosionSystem.cpp">
      <Filter>02.GameObject\06.Particle\Explosion</Filter>
    </ClCompile>
    <ClCompile Include="..\Codes\LaserSystem.cpp">
      <Filter>02.GameObject\06.Particle\Lazer</Filter>
    </ClCompile>
    <ClCompile Include="..\Codes\Boss_Monster.cpp">
      <Filter>02.GameObject\07.Boss_Monster</Filter>
    </ClCompile>
    <ClCompile Include="..\Codes\Bullet_EnergyBall.cpp">
      <Filter>02.GameObject\08.Bullet\03.Boss\00.EnergyBall</Filter>
    </ClCompile>
    <ClCompile Include="..\Codes\Bullet_Laser.cpp">
      <Filter>02.GameObject\08.Bullet\03.Boss\01.Laser</Filter>
    </ClCompile>
    <ClCompile Include="..\Codes\Bullet_EMP_Bomb.cpp">
      <Filter>02.GameObject\08.Bullet\03.Boss\02.EMP_Bomb</Filter>
    </ClCompile>
    <ClCompile Include="..\Codes\Player_Bullet.cpp">
      <Filter>02.GameObject\08.Bullet\00.Player_Bullet</Filter>
    </ClCompile>
    <ClCompile Include="..\Codes\Crosshair.cpp">
      <Filter>02.GameObject\09.HUD\00.Crosshair</Filter>
    </ClCompile>
    <ClCompile Include="..\Codes\Player_Missile.cpp">
      <Filter>02.GameObject\08.Bullet\02.Player_Missile</Filter>
    </ClCompile>
    <ClCompile Include="..\Codes\Boss_Spawn_Monster.cpp">
      <Filter>02.GameObject\07.Boss_Monster\01.Boss_Spawn_Monster</Filter>
    </ClCompile>
    <ClCompile Include="..\Codes\Boss_Warmhole.cpp">
      <Filter>02.GameObject\07.Boss_Monster\02.Boss_Warmhole</Filter>
    </ClCompile>
    <ClCompile Include="..\Codes\CollisionHandler.cpp">
      <Filter>97.Utilities\01.Collision</Filter>
    </ClCompile>
    <ClCompile Include="..\Codes\StreamHandler.cpp">
      <Filter>97.Utilities\00.Stream</Filter>
    </ClCompile>
    <ClCompile Include="..\Codes\LobbyModel.cpp">
      <Filter>01.Scene\02.Lobby\00.LobbyModel</Filter>
    </ClCompile>
    <ClCompile Include="..\Codes\Lobby.cpp">
      <Filter>01.Scene\02.Lobby</Filter>
    </ClCompile>
    <ClCompile Include="..\Codes\LobbyCam.cpp">
      <Filter>02.GameObject\02.Camera\01.LobbyCam</Filter>
    </ClCompile>
    <ClCompile Include="..\Codes\LobbyUI.cpp">
      <Filter>01.Scene\02.Lobby\01.LobbyUI</Filter>
    </ClCompile>
    <ClCompile Include="..\Codes\GatchaBox.cpp">
      <Filter>01.Scene\02.Lobby\01.LobbyUI\00.GatchaBox</Filter>
    </ClCompile>
    <ClCompile Include="..\Codes\Ring.cpp">
      <Filter>02.GameObject\11.Ring</Filter>
    </ClCompile>
    <ClCompile Include="..\Codes\TargetMonster.cpp">
      <Filter>02.GameObject\12.TargetMonster</Filter>
    </ClCompile>
    <ClCompile Include="..\Codes\MaterialHandler.cpp">
      <Filter>97.Utilities\03.Material</Filter>
    </ClCompile>
    <ClCompile Include="..\Codes\EffectHandler.cpp">
      <Filter>97.Utilities\02.Effect</Filter>
    </ClCompile>
    <ClCompile Include="..\Codes\FollowSystem.cpp">
      <Filter>02.GameObject\06.Particle\Follow</Filter>
    </ClCompile>
    <ClCompile Include="..\Codes\LockOn.cpp">
      <Filter>02.GameObject\09.HUD\02.LockOn</Filter>
    </ClCompile>
    <ClCompile Include="..\Codes\AlertArrow.cpp">
      <Filter>02.GameObject\09.HUD\03.AlertArrow</Filter>
    </ClCompile>
    <ClCompile Include="..\Codes\Meteor.cpp">
      <Filter>02.GameObject\13.Meteor</Filter>
    </ClCompile>
    <ClCompile Include="..\Codes\TutorialUI.cpp">
      <Filter>02.GameObject\09.HUD\04.TutorialUI</Filter>
    </ClCompile>
    <ClCompile Include="..\Codes\EngineEffectSystem.cpp">
      <Filter>02.GameObject\06.Particle\EngineBoost</Filter>
    </ClCompile>
    <ClCompile Include="..\Codes\WingBoost_System.cpp">
      <Filter>02.GameObject\06.Particle\WingBoost</Filter>
    </ClCompile>
    <ClCompile Include="..\Codes\Product.cpp">
      <Filter>01.Scene\02.Lobby\01.LobbyUI\01.Product</Filter>
    </ClCompile>
    <ClCompile Include="..\Codes\StatusBoard.cpp">
      <Filter>01.Scene\02.Lobby\01.LobbyUI\02.Board</Filter>
    </ClCompile>
    <ClCompile Include="..\Codes\Status.cpp">
      <Filter>01.Scene\02.Lobby\01.LobbyUI\02.Board\00.Status</Filter>
    </ClCompile>
    <ClCompile Include="..\Codes\VIBuffer_HexagonTex.cpp">
      <Filter>01.Scene\02.Lobby\01.LobbyUI\03.VIBuffer_HexagonColor</Filter>
    </ClCompile>
    <ClCompile Include="..\Codes\MissionUI.cpp">
      <Filter>02.GameObject\09.HUD\05.MissionUI</Filter>
    </ClCompile>
    <ClCompile Include="..\Codes\ScriptUI.cpp">
      <Filter>02.GameObject\09.HUD\06.ScriptUI</Filter>
    </ClCompile>
    <ClCompile Include="..\Codes\QuestHandler.cpp">
      <Filter>97.Utilities\04.Quest</Filter>
    </ClCompile>
    <ClCompile Include="..\Codes\Planet.cpp">
      <Filter>02.GameObject\14.Planet</Filter>
    </ClCompile>
    <ClCompile Include="..\Codes\Asteroid.cpp">
      <Filter>02.GameObject\15.Asteroid</Filter>
    </ClCompile>
    <ClCompile Include="..\Codes\Stamina_Bar.cpp">
      <Filter>02.GameObject\09.HUD\07.Stamina_Bar</Filter>
    </ClCompile>
    <ClCompile Include="..\Codes\HP_Bar_Border.cpp">
      <Filter>02.GameObject\09.HUD\08.HP_Bar_Border</Filter>
    </ClCompile>
    <ClCompile Include="..\Codes\Planet.cpp">
      <Filter>02.GameObject\14.Planet</Filter>
    </ClCompile>
    <ClCompile Include="..\Codes\BackUI.cpp">
      <Filter>02.GameObject\09.HUD\06.ScriptUI\00.BackUI</Filter>
    </ClCompile>
    <ClCompile Include="..\Codes\NaviArrow.cpp">
      <Filter>02.GameObject\16.NaviArrow</Filter>
    </ClCompile>
    <ClCompile Include="..\Codes\HP_Bar.cpp">
      <Filter>02.GameObject\09.HUD\06.HP_Bar</Filter>
    </ClCompile>
    <ClCompile Include="..\Codes\AimAssist.cpp">
      <Filter>02.GameObject\09.HUD\09.AimAssist</Filter>
    </ClCompile>
    <ClCompile Include="..\Codes\AimAssist2.cpp">
      <Filter>02.GameObject\09.HUD\10.AimAssist2</Filter>
    </ClCompile>
    <ClCompile Include="..\Codes\Shield_Battery.cpp">
      <Filter>02.GameObject\09.HUD\11.Shield_Battery</Filter>
    </ClCompile>
  </ItemGroup>
  <ItemGroup>
    <Image Include="Client.ico">
      <Filter>98.Defaults</Filter>
    </Image>
    <Image Include="small.ico">
      <Filter>98.Defaults</Filter>
    </Image>
  </ItemGroup>
  <ItemGroup>
    <ResourceCompile Include="Client.rc">
      <Filter>98.Defaults</Filter>
    </ResourceCompile>
  </ItemGroup>
</Project>