<?xml version="1.0" encoding="utf-8"?>
<Project ToolsVersion="4.0" xmlns="http://schemas.microsoft.com/developer/msbuild/2003">
  <ItemGroup>
    <Filter Include="00.MainApp">
      <UniqueIdentifier>{c66865d7-1cd6-46a6-a181-68b9f4c803f7}</UniqueIdentifier>
    </Filter>
    <Filter Include="98.Defaults">
      <UniqueIdentifier>{c7e636f1-a347-4fa5-8a9a-59c85a3e59fa}</UniqueIdentifier>
    </Filter>
    <Filter Include="99.Headers">
      <UniqueIdentifier>{d5c28bab-9f4a-4c99-a5d5-7a09713e7c77}</UniqueIdentifier>
    </Filter>
    <Filter Include="01.Scene">
      <UniqueIdentifier>{a2f01099-8db4-42f0-b4db-8d632b9c22ed}</UniqueIdentifier>
    </Filter>
    <Filter Include="01.Scene\00.Logo">
      <UniqueIdentifier>{1fbe89e5-de5a-47a2-b3af-c8ed3c57558c}</UniqueIdentifier>
    </Filter>
    <Filter Include="01.Scene\01.Stage">
      <UniqueIdentifier>{0db0ce95-0b93-475d-95b6-491fd4744ce4}</UniqueIdentifier>
    </Filter>
    <Filter Include="02.GameObject">
      <UniqueIdentifier>{0f19a8be-fb47-4c76-87d3-91f76e7a5252}</UniqueIdentifier>
    </Filter>
    <Filter Include="02.GameObject\00.Player">
      <UniqueIdentifier>{6f4004d7-1180-468e-ae16-6bc6c78c6b33}</UniqueIdentifier>
    </Filter>
    <Filter Include="01.Scene\99.Loading">
      <UniqueIdentifier>{15ee0acd-309c-483e-b3c8-6724d57bc2f0}</UniqueIdentifier>
    </Filter>
    <Filter Include="02.GameObject\01.Terrain">
      <UniqueIdentifier>{4d305fd8-b8f2-4a03-a76f-be91c2341c4f}</UniqueIdentifier>
    </Filter>
    <Filter Include="02.GameObject\02.Camera">
      <UniqueIdentifier>{6da35386-8f50-44ba-b984-d8a70f74dec5}</UniqueIdentifier>
    </Filter>
    <Filter Include="02.GameObject\02.Camera\00.MainCam">
      <UniqueIdentifier>{8d5c87e8-01b0-474d-8dac-3dd37a521087}</UniqueIdentifier>
    </Filter>
    <Filter Include="02.GameObject\03.Monster">
      <UniqueIdentifier>{062caa7c-81c2-43ee-8615-9571052a9134}</UniqueIdentifier>
    </Filter>
    <Filter Include="02.GameObject\04.Grass">
      <UniqueIdentifier>{6b35cd44-6c72-49b7-bd53-54a22dbbf8af}</UniqueIdentifier>
    </Filter>
    <Filter Include="02.GameObject\05.Skybox">
      <UniqueIdentifier>{3ca2e3df-4489-45bc-9137-32396005b4bb}</UniqueIdentifier>
    </Filter>
    <Filter Include="02.GameObject\06.Particle">
      <UniqueIdentifier>{a6b351e6-cf62-4ed3-8e3d-a6c496e62870}</UniqueIdentifier>
    </Filter>
    <Filter Include="02.GameObject\06.Particle\Explosion">
      <UniqueIdentifier>{2140617a-e811-4c98-b10a-b70367b5472f}</UniqueIdentifier>
    </Filter>
    <Filter Include="02.GameObject\06.Particle\Lazer">
      <UniqueIdentifier>{40052efc-ffe1-4198-bb04-69d57a9b6437}</UniqueIdentifier>
    </Filter>
    <Filter Include="97.Utilities">
      <UniqueIdentifier>{c6f4541d-07c8-4477-b121-e55238fbdd3d}</UniqueIdentifier>
    </Filter>
    <Filter Include="97.Utilities\00.Stream">
      <UniqueIdentifier>{0b98e40e-ea2c-4187-b358-a0cf4aca9f68}</UniqueIdentifier>
    </Filter>
    <Filter Include="02.GameObject\07.Boss_Monster">
      <UniqueIdentifier>{88b50869-9c1a-4425-ae6e-f5919ea9d218}</UniqueIdentifier>
    </Filter>
    <Filter Include="02.GameObject\08.Bullet">
      <UniqueIdentifier>{dddd415c-d79f-4cda-8a24-608ab1a97737}</UniqueIdentifier>
    </Filter>
    <Filter Include="02.GameObject\08.Bullet\00.EnergyBall">
      <UniqueIdentifier>{9115b9a8-e38a-4a24-b2d9-2e4912cfbb46}</UniqueIdentifier>
    </Filter>
    <Filter Include="02.GameObject\08.Bullet\01.Laser">
      <UniqueIdentifier>{20ac20a6-4343-4b16-a3bc-f8a01dc5f730}</UniqueIdentifier>
    </Filter>
    <Filter Include="02.GameObject\08.Bullet\02.EMP_Bomb">
      <UniqueIdentifier>{478d85d1-2c7c-48a4-9e74-aa8aae3cb2c4}</UniqueIdentifier>
    </Filter>
    <Filter Include="02.GameObject\08.Bullet\02.EMP_Bomb\Bullet_EMP_Bomb_Explotion">
      <UniqueIdentifier>{eea6f620-9d2d-4616-ba21-63ddd79ec6fb}</UniqueIdentifier>
    </Filter>
    <Filter Include="02.GameObject\07.Boss_Monster\00.Boss_Addon">
      <UniqueIdentifier>{bfb875ea-b2a7-4d4a-bbed-0a6495b857a7}</UniqueIdentifier>
    </Filter>
    <Filter Include="02.GameObject\08.Bullet\00.Player_Bullet">
      <UniqueIdentifier>{7d5cac0b-1660-4c0f-b751-150a20b3d770}</UniqueIdentifier>
    </Filter>
    <Filter Include="02.GameObject\08.Bullet\01.Player_Lazer">
      <UniqueIdentifier>{56eed6f8-b2dc-4d38-abca-147e087c3fbf}</UniqueIdentifier>
    </Filter>
    <Filter Include="02.GameObject\08.Bullet\02.Player_Missile">
      <UniqueIdentifier>{dff417bd-e330-43c0-b8a0-558cadf4c97a}</UniqueIdentifier>
    </Filter>
    <Filter Include="02.GameObject\09.HUD">
      <UniqueIdentifier>{b5258aa2-1843-44fe-9cb2-0404d0b7aa33}</UniqueIdentifier>
    </Filter>
    <Filter Include="02.GameObject\09.HUD\00.Crosshair">
      <UniqueIdentifier>{ad13f66b-199e-47bb-a198-9eb9f3aec96b}</UniqueIdentifier>
    </Filter>
    <Filter Include="02.GameObject\09.HUD\01.Weapons">
      <UniqueIdentifier>{fe21133b-9cea-4b43-a588-c27d7b949fb0}</UniqueIdentifier>
    </Filter>
  </ItemGroup>
  <ItemGroup>
    <ClInclude Include="Client.h">
      <Filter>98.Defaults</Filter>
    </ClInclude>
    <ClInclude Include="Resource.h">
      <Filter>98.Defaults</Filter>
    </ClInclude>
    <ClInclude Include="stdafx.h">
      <Filter>98.Defaults</Filter>
    </ClInclude>
    <ClInclude Include="targetver.h">
      <Filter>98.Defaults</Filter>
    </ClInclude>
    <ClInclude Include="..\Headers\Client_Define.h">
      <Filter>99.Headers</Filter>
    </ClInclude>
    <ClInclude Include="..\Headers\MainApp.h">
      <Filter>00.MainApp</Filter>
    </ClInclude>
    <ClInclude Include="..\Headers\Logo.h">
      <Filter>01.Scene\00.Logo</Filter>
    </ClInclude>
    <ClInclude Include="..\Headers\Stage.h">
      <Filter>01.Scene\01.Stage</Filter>
    </ClInclude>
    <ClInclude Include="..\Headers\Client_Enum.h">
      <Filter>99.Headers</Filter>
    </ClInclude>
    <ClInclude Include="..\Headers\Player.h">
      <Filter>02.GameObject\00.Player</Filter>
    </ClInclude>
    <ClInclude Include="..\Headers\Loading.h">
      <Filter>01.Scene\99.Loading</Filter>
    </ClInclude>
    <ClInclude Include="..\Headers\Terrain.h">
      <Filter>02.GameObject\01.Terrain</Filter>
    </ClInclude>
    <ClInclude Include="..\Headers\MainCam.h">
      <Filter>02.GameObject\02.Camera\00.MainCam</Filter>
    </ClInclude>
    <ClInclude Include="..\Headers\Monster.h">
      <Filter>02.GameObject\03.Monster</Filter>
    </ClInclude>
    <ClInclude Include="..\Headers\Grass.h">
      <Filter>02.GameObject\04.Grass</Filter>
    </ClInclude>
    <ClInclude Include="..\Headers\Skybox.h">
      <Filter>02.GameObject\05.Skybox</Filter>
    </ClInclude>
    <ClInclude Include="..\Headers\ExplosionSystem.h">
      <Filter>02.GameObject\06.Particle\Explosion</Filter>
    </ClInclude>
    <ClInclude Include="..\Headers\LaserSystem.h">
      <Filter>02.GameObject\06.Particle\Lazer</Filter>
    </ClInclude>
    <ClInclude Include="..\Headers\StreamHandler.h">
      <Filter>97.Utilities\00.Stream</Filter>
    </ClInclude>
    <ClInclude Include="..\Headers\Bullet_EnergyBall.h">
      <Filter>02.GameObject\08.Bullet\00.EnergyBall</Filter>
    </ClInclude>
    <ClInclude Include="..\Headers\Bullet_Laser.h">
      <Filter>02.GameObject\08.Bullet\01.Laser</Filter>
    </ClInclude>
    <ClInclude Include="..\Headers\Boss_Monster.h">
      <Filter>02.GameObject\07.Boss_Monster</Filter>
    </ClInclude>
    <ClInclude Include="..\Headers\Bullet_EMP_Bomb.h">
      <Filter>02.GameObject\08.Bullet\02.EMP_Bomb</Filter>
    </ClInclude>
    <ClInclude Include="..\Headers\Player_Bullet.h">
      <Filter>02.GameObject\08.Bullet\00.Player_Bullet</Filter>
    </ClInclude>
    <ClInclude Include="..\Headers\Player_Lazer.h">
      <Filter>02.GameObject\08.Bullet\01.Player_Lazer</Filter>
    </ClInclude>
    <ClInclude Include="..\Headers\Crosshair.h">
      <Filter>02.GameObject\09.HUD\00.Crosshair</Filter>
    </ClInclude>
    <ClInclude Include="..\Headers\Player_Missile.h">
      <Filter>02.GameObject\08.Bullet\02.Player_Missile</Filter>
    </ClInclude>
  </ItemGroup>
  <ItemGroup>
    <ClCompile Include="Client.cpp">
      <Filter>98.Defaults</Filter>
    </ClCompile>
    <ClCompile Include="stdafx.cpp">
      <Filter>98.Defaults</Filter>
    </ClCompile>
    <ClCompile Include="..\Codes\MainApp.cpp">
      <Filter>00.MainApp</Filter>
    </ClCompile>
    <ClCompile Include="..\Codes\Logo.cpp">
      <Filter>01.Scene\00.Logo</Filter>
    </ClCompile>
    <ClCompile Include="..\Codes\Stage.cpp">
      <Filter>01.Scene\01.Stage</Filter>
    </ClCompile>
    <ClCompile Include="..\Codes\Player.cpp">
      <Filter>02.GameObject\00.Player</Filter>
    </ClCompile>
    <ClCompile Include="..\Codes\Loading.cpp">
      <Filter>01.Scene\99.Loading</Filter>
    </ClCompile>
    <ClCompile Include="..\Codes\Terrain.cpp">
      <Filter>02.GameObject\01.Terrain</Filter>
    </ClCompile>
    <ClCompile Include="..\Codes\MainCam.cpp">
      <Filter>02.GameObject\02.Camera\00.MainCam</Filter>
    </ClCompile>
    <ClCompile Include="..\Codes\Monster.cpp">
      <Filter>02.GameObject\03.Monster</Filter>
    </ClCompile>
    <ClCompile Include="..\Codes\Grass.cpp">
      <Filter>02.GameObject\04.Grass</Filter>
    </ClCompile>
    <ClCompile Include="..\Codes\Skybox.cpp">
      <Filter>02.GameObject\05.Skybox</Filter>
    </ClCompile>
    <ClCompile Include="..\Codes\ExplosionSystem.cpp">
      <Filter>02.GameObject\06.Particle\Explosion</Filter>
    </ClCompile>
    <ClCompile Include="..\Codes\LaserSystem.cpp">
      <Filter>02.GameObject\06.Particle\Lazer</Filter>
    </ClCompile>
    <ClCompile Include="StreamHandler.cpp">
      <Filter>97.Utilities\00.Stream</Filter>
    </ClCompile>
    <ClCompile Include="..\Codes\Boss_Monster.cpp">
      <Filter>02.GameObject\07.Boss_Monster</Filter>
    </ClCompile>
    <ClCompile Include="..\Codes\Bullet_EnergyBall.cpp">
      <Filter>02.GameObject\08.Bullet\00.EnergyBall</Filter>
    </ClCompile>
    <ClCompile Include="..\Codes\Bullet_Laser.cpp">
      <Filter>02.GameObject\08.Bullet\01.Laser</Filter>
    </ClCompile>
    <ClCompile Include="..\Codes\Bullet_EMP_Bomb.cpp">
      <Filter>02.GameObject\08.Bullet\02.EMP_Bomb</Filter>
    </ClCompile>
    <ClCompile Include="..\Codes\Player_Bullet.cpp">
      <Filter>02.GameObject\08.Bullet\00.Player_Bullet</Filter>
    </ClCompile>
    <ClCompile Include="..\Codes\Player_Lazer.cpp">
      <Filter>02.GameObject\08.Bullet\01.Player_Lazer</Filter>
    </ClCompile>
    <ClCompile Include="..\Codes\Crosshair.cpp">
      <Filter>02.GameObject\09.HUD\00.Crosshair</Filter>
    </ClCompile>
    <ClCompile Include="..\Codes\Player_Missile.cpp">
      <Filter>02.GameObject\08.Bullet\02.Player_Missile</Filter>
    </ClCompile>
  </ItemGroup>
  <ItemGroup>
    <Image Include="Client.ico">
      <Filter>98.Defaults</Filter>
    </Image>
    <Image Include="small.ico">
      <Filter>98.Defaults</Filter>
    </Image>
  </ItemGroup>
  <ItemGroup>
    <ResourceCompile Include="Client.rc">
      <Filter>98.Defaults</Filter>
    </ResourceCompile>
  </ItemGroup>
</Project>