
Microsoft Visual Studio Solution File, Format Version 12.00
# Visual Studio Version 16
VisualStudioVersion = 16.0.31321.278
MinimumVisualStudioVersion = 10.0.40219.1
Project("{2150E333-8FDC-42A3-9474-1A3956D46DE8}") = "00.Client", "00.Client", "{6F31CA8A-668C-43C3-8DEF-23B9E6165605}"
EndProject
Project("{2150E333-8FDC-42A3-9474-1A3956D46DE8}") = "01.Engine", "01.Engine", "{4FD2452F-D323-4AA7-8ECD-DB3269660C9B}"
EndProject
Project("{8BC9CEB8-8B4A-11D0-8D11-00A0C91BC942}") = "Client", "Client\Defaults\Client.vcxproj", "{6849AE19-BD1C-4A9A-94C2-720423DD0A3F}"
EndProject
Project("{8BC9CEB8-8B4A-11D0-8D11-00A0C91BC942}") = "Engine", "Engine\Defaults\Engine.vcxproj", "{33A2E117-C036-49D1-ADAB-711BA7773FF7}"
EndProject
Project("{2150E333-8FDC-42A3-9474-1A3956D46DE8}") = "02.Tool", "02.Tool", "{CF7E3A53-A247-41EC-A657-CC807DC08F97}"
EndProject
Project("{8BC9CEB8-8B4A-11D0-8D11-00A0C91BC942}") = "Tool", "Tool\Default\Tool.vcxproj", "{7A7A9D26-E05E-4D0A-8FC0-EBAC65157DAC}"
EndProject
Project("{2150E333-8FDC-42A3-9474-1A3956D46DE8}") = "03.Protocol", "03.Protocol", "{B2643D8D-41FF-4632-A483-33D63C12F7E7}"
	ProjectSection(SolutionItems) = preProject
		Protocol.h = Protocol.h
	EndProjectSection
EndProject
Global
	GlobalSection(SolutionConfigurationPlatforms) = preSolution
		Debug|x64 = Debug|x64
		Debug|x86 = Debug|x86
		Release|x64 = Release|x64
		Release|x86 = Release|x86
	EndGlobalSection
	GlobalSection(ProjectConfigurationPlatforms) = postSolution
		{6849AE19-BD1C-4A9A-94C2-720423DD0A3F}.Debug|x64.ActiveCfg = Debug|x64
		{6849AE19-BD1C-4A9A-94C2-720423DD0A3F}.Debug|x64.Build.0 = Debug|x64
		{6849AE19-BD1C-4A9A-94C2-720423DD0A3F}.Debug|x86.ActiveCfg = Debug|Win32
		{6849AE19-BD1C-4A9A-94C2-720423DD0A3F}.Debug|x86.Build.0 = Debug|Win32
		{6849AE19-BD1C-4A9A-94C2-720423DD0A3F}.Release|x64.ActiveCfg = Release|x64
		{6849AE19-BD1C-4A9A-94C2-720423DD0A3F}.Release|x64.Build.0 = Release|x64
		{6849AE19-BD1C-4A9A-94C2-720423DD0A3F}.Release|x86.ActiveCfg = Release|Win32
		{6849AE19-BD1C-4A9A-94C2-720423DD0A3F}.Release|x86.Build.0 = Release|Win32
		{33A2E117-C036-49D1-ADAB-711BA7773FF7}.Debug|x64.ActiveCfg = Debug|x64
		{33A2E117-C036-49D1-ADAB-711BA7773FF7}.Debug|x64.Build.0 = Debug|x64
		{33A2E117-C036-49D1-ADAB-711BA7773FF7}.Debug|x86.ActiveCfg = Debug|Win32
		{33A2E117-C036-49D1-ADAB-711BA7773FF7}.Debug|x86.Build.0 = Debug|Win32
		{33A2E117-C036-49D1-ADAB-711BA7773FF7}.Release|x64.ActiveCfg = Release|x64
		{33A2E117-C036-49D1-ADAB-711BA7773FF7}.Release|x64.Build.0 = Release|x64
		{33A2E117-C036-49D1-ADAB-711BA7773FF7}.Release|x86.ActiveCfg = Release|Win32
		{33A2E117-C036-49D1-ADAB-711BA7773FF7}.Release|x86.Build.0 = Release|Win32
		{7A7A9D26-E05E-4D0A-8FC0-EBAC65157DAC}.Debug|x64.ActiveCfg = Debug|x64
		{7A7A9D26-E05E-4D0A-8FC0-EBAC65157DAC}.Debug|x64.Build.0 = Debug|x64
		{7A7A9D26-E05E-4D0A-8FC0-EBAC65157DAC}.Debug|x86.ActiveCfg = Debug|Win32
		{7A7A9D26-E05E-4D0A-8FC0-EBAC65157DAC}.Debug|x86.Build.0 = Debug|Win32
		{7A7A9D26-E05E-4D0A-8FC0-EBAC65157DAC}.Release|x64.ActiveCfg = Release|x64
		{7A7A9D26-E05E-4D0A-8FC0-EBAC65157DAC}.Release|x64.Build.0 = Release|x64
		{7A7A9D26-E05E-4D0A-8FC0-EBAC65157DAC}.Release|x86.ActiveCfg = Release|Win32
		{7A7A9D26-E05E-4D0A-8FC0-EBAC65157DAC}.Release|x86.Build.0 = Release|Win32
	EndGlobalSection
	GlobalSection(SolutionProperties) = preSolution
		HideSolutionNode = FALSE
	EndGlobalSection
	GlobalSection(NestedProjects) = preSolution
		{6849AE19-BD1C-4A9A-94C2-720423DD0A3F} = {6F31CA8A-668C-43C3-8DEF-23B9E6165605}
		{33A2E117-C036-49D1-ADAB-711BA7773FF7} = {4FD2452F-D323-4AA7-8ECD-DB3269660C9B}
		{7A7A9D26-E05E-4D0A-8FC0-EBAC65157DAC} = {CF7E3A53-A247-41EC-A657-CC807DC08F97}
	EndGlobalSection
	GlobalSection(ExtensibilityGlobals) = postSolution
		SolutionGuid = {0099A01B-AD8E-49B1-8F76-F576EEC2B38F}
	EndGlobalSection
EndGlobal
